
Microsoft Visual Studio Solution File, Format Version 12.00
# Visual Studio Version 17
VisualStudioVersion = 17.5.002.0
MinimumVisualStudioVersion = 10.0.40219.1
Project("{2150E333-8FDC-42A3-9474-1A3956D46DE8}") = "week_01", "week_01", "{F80C297B-E6CB-4859-B759-6C6DA29C8045}"
EndProject
Project("{9A19103F-16F7-4668-BE54-9A1E7A4F7556}") = "Exercise_01", "week_01\Exercise_01\Exercise_01.csproj", "{36EA87D7-E447-43E4-B213-A4BCB075422D}"
EndProject
Global
	GlobalSection(SolutionConfigurationPlatforms) = preSolution
		Debug|Any CPU = Debug|Any CPU
		Release|Any CPU = Release|Any CPU
	EndGlobalSection
	GlobalSection(ProjectConfigurationPlatforms) = postSolution
		{36EA87D7-E447-43E4-B213-A4BCB075422D}.Debug|Any CPU.ActiveCfg = Debug|Any CPU
		{36EA87D7-E447-43E4-B213-A4BCB075422D}.Debug|Any CPU.Build.0 = Debug|Any CPU
		{36EA87D7-E447-43E4-B213-A4BCB075422D}.Release|Any CPU.ActiveCfg = Release|Any CPU
		{36EA87D7-E447-43E4-B213-A4BCB075422D}.Release|Any CPU.Build.0 = Release|Any CPU
	EndGlobalSection
	GlobalSection(SolutionProperties) = preSolution
		HideSolutionNode = FALSE
	EndGlobalSection
	GlobalSection(NestedProjects) = preSolution
		{36EA87D7-E447-43E4-B213-A4BCB075422D} = {F80C297B-E6CB-4859-B759-6C6DA29C8045}
	EndGlobalSection
	GlobalSection(ExtensibilityGlobals) = postSolution
		SolutionGuid = {5DEFBA18-C228-4CD1-8671-1D2EE2853327}
	EndGlobalSection
EndGlobal
